// !$*UTF8*$!
{
	archiveVersion = 1;
	classes = {
	};
	objectVersion = 60;
	objects = {

/* Begin PBXBuildFile section */
		E80640502C86D56D0099062F /* SwiftFormat in Frameworks */ = {isa = PBXBuildFile; productRef = E806404F2C86D56D0099062F /* SwiftFormat */; };
		E860DE8A2C773B4F00F7D68D /* JPApexPredatorsApp.swift in Sources */ = {isa = PBXBuildFile; fileRef = E860DE892C773B4F00F7D68D /* JPApexPredatorsApp.swift */; };
		E860DE8C2C773B4F00F7D68D /* ContentView.swift in Sources */ = {isa = PBXBuildFile; fileRef = E860DE8B2C773B4F00F7D68D /* ContentView.swift */; };
		E860DE8E2C773B5000F7D68D /* Assets.xcassets in Resources */ = {isa = PBXBuildFile; fileRef = E860DE8D2C773B5000F7D68D /* Assets.xcassets */; };
		E860DE912C773B5000F7D68D /* Preview Assets.xcassets in Resources */ = {isa = PBXBuildFile; fileRef = E860DE902C773B5000F7D68D /* Preview Assets.xcassets */; };
		E88E4ECA2C8DD68B006EA7AA /* Stickers.xcassets in Resources */ = {isa = PBXBuildFile; fileRef = E88E4EC92C8DD68B006EA7AA /* Stickers.xcassets */; };
		E88E4ECE2C8DD68B006EA7AA /* JPApexStickers.appex in Embed Foundation Extensions */ = {isa = PBXBuildFile; fileRef = E88E4EC72C8DD689006EA7AA /* JPApexStickers.appex */; settings = {ATTRIBUTES = (RemoveHeadersOnCopy, ); }; };
		E8B3FE4C2C7DDBA500B47128 /* Inject in Frameworks */ = {isa = PBXBuildFile; productRef = E8B3FE4B2C7DDBA500B47128 /* Inject */; };
		E8B531C92C8B413F00226CAD /* DinosaurMapView.swift in Sources */ = {isa = PBXBuildFile; fileRef = E8B531C82C8B413F00226CAD /* DinosaurMapView.swift */; };
		E8C4C8B92C7B231D0005ED91 /* DinosaurController.swift in Sources */ = {isa = PBXBuildFile; fileRef = E8C4C8B82C7B231D0005ED91 /* DinosaurController.swift */; };
		E8C536D12C86E79800E7AD43 /* DinosaurDetailView.swift in Sources */ = {isa = PBXBuildFile; fileRef = E8C536D02C86E79800E7AD43 /* DinosaurDetailView.swift */; };
		E8EAC07A2C785C09005574AF /* dinosaurs.json in Resources */ = {isa = PBXBuildFile; fileRef = E8EAC0792C785C09005574AF /* dinosaurs.json */; };
		E8EAC07D2C786132005574AF /* Dinosaur.swift in Sources */ = {isa = PBXBuildFile; fileRef = E8EAC07C2C786132005574AF /* Dinosaur.swift */; };
/* End PBXBuildFile section */

/* Begin PBXContainerItemProxy section */
		E88E4ECC2C8DD68B006EA7AA /* PBXContainerItemProxy */ = {
			isa = PBXContainerItemProxy;
			containerPortal = E860DE7E2C773B4F00F7D68D /* Project object */;
			proxyType = 1;
			remoteGlobalIDString = E88E4EC62C8DD689006EA7AA;
			remoteInfo = JPApexStickers;
		};
/* End PBXContainerItemProxy section */

/* Begin PBXCopyFilesBuildPhase section */
		E88E4ECF2C8DD68B006EA7AA /* Embed Foundation Extensions */ = {
			isa = PBXCopyFilesBuildPhase;
			buildActionMask = 2147483647;
			dstPath = "";
			dstSubfolderSpec = 13;
			files = (
				E88E4ECE2C8DD68B006EA7AA /* JPApexStickers.appex in Embed Foundation Extensions */,
			);
			name = "Embed Foundation Extensions";
			runOnlyForDeploymentPostprocessing = 0;
		};
/* End PBXCopyFilesBuildPhase section */

/* Begin PBXFileReference section */
		E860DE862C773B4F00F7D68D /* JPApexPredators.app */ = {isa = PBXFileReference; explicitFileType = wrapper.application; includeInIndex = 0; path = JPApexPredators.app; sourceTree = BUILT_PRODUCTS_DIR; };
		E860DE892C773B4F00F7D68D /* JPApexPredatorsApp.swift */ = {isa = PBXFileReference; lastKnownFileType = sourcecode.swift; path = JPApexPredatorsApp.swift; sourceTree = "<group>"; };
		E860DE8B2C773B4F00F7D68D /* ContentView.swift */ = {isa = PBXFileReference; lastKnownFileType = sourcecode.swift; path = ContentView.swift; sourceTree = "<group>"; };
		E860DE8D2C773B5000F7D68D /* Assets.xcassets */ = {isa = PBXFileReference; lastKnownFileType = folder.assetcatalog; path = Assets.xcassets; sourceTree = "<group>"; };
		E860DE902C773B5000F7D68D /* Preview Assets.xcassets */ = {isa = PBXFileReference; lastKnownFileType = folder.assetcatalog; path = "Preview Assets.xcassets"; sourceTree = "<group>"; };
		E88E4EC72C8DD689006EA7AA /* JPApexStickers.appex */ = {isa = PBXFileReference; explicitFileType = "wrapper.app-extension"; includeInIndex = 0; path = JPApexStickers.appex; sourceTree = BUILT_PRODUCTS_DIR; };
		E88E4EC92C8DD68B006EA7AA /* Stickers.xcassets */ = {isa = PBXFileReference; lastKnownFileType = folder.assetcatalog; path = Stickers.xcassets; sourceTree = "<group>"; };
		E88E4ECB2C8DD68B006EA7AA /* Info.plist */ = {isa = PBXFileReference; lastKnownFileType = text.plist.xml; path = Info.plist; sourceTree = "<group>"; };
		E8B531C82C8B413F00226CAD /* DinosaurMapView.swift */ = {isa = PBXFileReference; lastKnownFileType = sourcecode.swift; path = DinosaurMapView.swift; sourceTree = "<group>"; };
		E8C4C8B82C7B231D0005ED91 /* DinosaurController.swift */ = {isa = PBXFileReference; lastKnownFileType = sourcecode.swift; path = DinosaurController.swift; sourceTree = "<group>"; };
		E8C536D02C86E79800E7AD43 /* DinosaurDetailView.swift */ = {isa = PBXFileReference; lastKnownFileType = sourcecode.swift; path = DinosaurDetailView.swift; sourceTree = "<group>"; };
		E8EAC0792C785C09005574AF /* dinosaurs.json */ = {isa = PBXFileReference; fileEncoding = 4; lastKnownFileType = text.json; path = dinosaurs.json; sourceTree = "<group>"; };
		E8EAC07C2C786132005574AF /* Dinosaur.swift */ = {isa = PBXFileReference; lastKnownFileType = sourcecode.swift; path = Dinosaur.swift; sourceTree = "<group>"; };
/* End PBXFileReference section */

/* Begin PBXFrameworksBuildPhase section */
		E860DE832C773B4F00F7D68D /* Frameworks */ = {
			isa = PBXFrameworksBuildPhase;
			buildActionMask = 2147483647;
			files = (
				E8B3FE4C2C7DDBA500B47128 /* Inject in Frameworks */,
				E80640502C86D56D0099062F /* SwiftFormat in Frameworks */,
			);
			runOnlyForDeploymentPostprocessing = 0;
		};
/* End PBXFrameworksBuildPhase section */

/* Begin PBXGroup section */
		E83FB5B52C81A05F00F79E59 /* Views */ = {
			isa = PBXGroup;
			children = (
				E860DE8B2C773B4F00F7D68D /* ContentView.swift */,
				E8C536D02C86E79800E7AD43 /* DinosaurDetailView.swift */,
				E8B531C82C8B413F00226CAD /* DinosaurMapView.swift */,
			);
			path = Views;
			sourceTree = "<group>";
		};
		E860DE7D2C773B4F00F7D68D = {
			isa = PBXGroup;
			children = (
				E860DE882C773B4F00F7D68D /* JPApexPredators */,
				E88E4EC82C8DD68A006EA7AA /* JPApexStickers */,
				E860DE872C773B4F00F7D68D /* Products */,
			);
			sourceTree = "<group>";
		};
		E860DE872C773B4F00F7D68D /* Products */ = {
			isa = PBXGroup;
			children = (
				E860DE862C773B4F00F7D68D /* JPApexPredators.app */,
				E88E4EC72C8DD689006EA7AA /* JPApexStickers.appex */,
			);
			name = Products;
			sourceTree = "<group>";
		};
		E860DE882C773B4F00F7D68D /* JPApexPredators */ = {
			isa = PBXGroup;
			children = (
				E860DE892C773B4F00F7D68D /* JPApexPredatorsApp.swift */,
				E8EAC07B2C78610C005574AF /* Models */,
				E83FB5B52C81A05F00F79E59 /* Views */,
				E8C4C8BD2C7B293A0005ED91 /* Controllers */,
				E8C4C8B72C7B12A60005ED91 /* Resources */,
				E860DE8D2C773B5000F7D68D /* Assets.xcassets */,
				E860DE8F2C773B5000F7D68D /* Preview Content */,
			);
			path = JPApexPredators;
			sourceTree = "<group>";
		};
		E860DE8F2C773B5000F7D68D /* Preview Content */ = {
			isa = PBXGroup;
			children = (
				E860DE902C773B5000F7D68D /* Preview Assets.xcassets */,
			);
			path = "Preview Content";
			sourceTree = "<group>";
		};
		E88E4EC82C8DD68A006EA7AA /* JPApexStickers */ = {
			isa = PBXGroup;
			children = (
				E88E4EC92C8DD68B006EA7AA /* Stickers.xcassets */,
				E88E4ECB2C8DD68B006EA7AA /* Info.plist */,
			);
			path = JPApexStickers;
			sourceTree = "<group>";
		};
		E8C4C8B72C7B12A60005ED91 /* Resources */ = {
			isa = PBXGroup;
			children = (
				E8EAC0792C785C09005574AF /* dinosaurs.json */,
			);
			path = Resources;
			sourceTree = "<group>";
		};
		E8C4C8BD2C7B293A0005ED91 /* Controllers */ = {
			isa = PBXGroup;
			children = (
				E8C4C8B82C7B231D0005ED91 /* DinosaurController.swift */,
			);
			path = Controllers;
			sourceTree = "<group>";
		};
		E8EAC07B2C78610C005574AF /* Models */ = {
			isa = PBXGroup;
			children = (
				E8EAC07C2C786132005574AF /* Dinosaur.swift */,
			);
			path = Models;
			sourceTree = "<group>";
		};
/* End PBXGroup section */

/* Begin PBXNativeTarget section */
		E860DE852C773B4F00F7D68D /* JPApexPredators */ = {
			isa = PBXNativeTarget;
			buildConfigurationList = E860DE942C773B5000F7D68D /* Build configuration list for PBXNativeTarget "JPApexPredators" */;
			buildPhases = (
				E860DE822C773B4F00F7D68D /* Sources */,
				E860DE832C773B4F00F7D68D /* Frameworks */,
				E860DE842C773B4F00F7D68D /* Resources */,
				E88E4ECF2C8DD68B006EA7AA /* Embed Foundation Extensions */,
			);
			buildRules = (
			);
			dependencies = (
				E8A58F472C859A5E00AA9C00 /* PBXTargetDependency */,
				E88E4ECD2C8DD68B006EA7AA /* PBXTargetDependency */,
			);
			name = JPApexPredators;
			packageProductDependencies = (
				E8B3FE4B2C7DDBA500B47128 /* Inject */,
				E806404F2C86D56D0099062F /* SwiftFormat */,
			);
			productName = JPApexPredators;
			productReference = E860DE862C773B4F00F7D68D /* JPApexPredators.app */;
			productType = "com.apple.product-type.application";
		};
		E88E4EC62C8DD689006EA7AA /* JPApexStickers */ = {
			isa = PBXNativeTarget;
			buildConfigurationList = E88E4ED22C8DD68B006EA7AA /* Build configuration list for PBXNativeTarget "JPApexStickers" */;
			buildPhases = (
				E88E4EC52C8DD689006EA7AA /* Resources */,
			);
			buildRules = (
			);
			dependencies = (
			);
			name = JPApexStickers;
			productName = JPApexStickers;
			productReference = E88E4EC72C8DD689006EA7AA /* JPApexStickers.appex */;
			productType = "com.apple.product-type.app-extension.messages-sticker-pack";
		};
/* End PBXNativeTarget section */

/* Begin PBXProject section */
		E860DE7E2C773B4F00F7D68D /* Project object */ = {
			isa = PBXProject;
			attributes = {
				BuildIndependentTargetsInParallel = 1;
				LastSwiftUpdateCheck = 1540;
				LastUpgradeCheck = 1540;
				TargetAttributes = {
					E860DE852C773B4F00F7D68D = {
						CreatedOnToolsVersion = 15.4;
					};
					E88E4EC62C8DD689006EA7AA = {
						CreatedOnToolsVersion = 15.4;
					};
				};
			};
			buildConfigurationList = E860DE812C773B4F00F7D68D /* Build configuration list for PBXProject "JPApexPredators" */;
			compatibilityVersion = "Xcode 15.0";
			developmentRegion = en;
			hasScannedForEncodings = 0;
			knownRegions = (
				en,
				Base,
			);
			mainGroup = E860DE7D2C773B4F00F7D68D;
			packageReferences = (
				E8B3FE4A2C7DDBA500B47128 /* XCRemoteSwiftPackageReference "Inject" */,
				E8A58F452C859A4E00AA9C00 /* XCRemoteSwiftPackageReference "SwiftLintPlugins" */,
				E806404E2C86D56D0099062F /* XCRemoteSwiftPackageReference "SwiftFormat" */,
			);
			productRefGroup = E860DE872C773B4F00F7D68D /* Products */;
			projectDirPath = "";
			projectRoot = "";
			targets = (
				E860DE852C773B4F00F7D68D /* JPApexPredators */,
				E88E4EC62C8DD689006EA7AA /* JPApexStickers */,
			);
		};
/* End PBXProject section */

/* Begin PBXResourcesBuildPhase section */
		E860DE842C773B4F00F7D68D /* Resources */ = {
			isa = PBXResourcesBuildPhase;
			buildActionMask = 2147483647;
			files = (
				E8EAC07A2C785C09005574AF /* dinosaurs.json in Resources */,
				E860DE912C773B5000F7D68D /* Preview Assets.xcassets in Resources */,
				E860DE8E2C773B5000F7D68D /* Assets.xcassets in Resources */,
			);
			runOnlyForDeploymentPostprocessing = 0;
		};
		E88E4EC52C8DD689006EA7AA /* Resources */ = {
			isa = PBXResourcesBuildPhase;
			buildActionMask = 2147483647;
			files = (
				E88E4ECA2C8DD68B006EA7AA /* Stickers.xcassets in Resources */,
			);
			runOnlyForDeploymentPostprocessing = 0;
		};
/* End PBXResourcesBuildPhase section */

/* Begin PBXSourcesBuildPhase section */
		E860DE822C773B4F00F7D68D /* Sources */ = {
			isa = PBXSourcesBuildPhase;
			buildActionMask = 2147483647;
			files = (
				E860DE8C2C773B4F00F7D68D /* ContentView.swift in Sources */,
				E8C536D12C86E79800E7AD43 /* DinosaurDetailView.swift in Sources */,
				E8B531C92C8B413F00226CAD /* DinosaurMapView.swift in Sources */,
				E860DE8A2C773B4F00F7D68D /* JPApexPredatorsApp.swift in Sources */,
				E8EAC07D2C786132005574AF /* Dinosaur.swift in Sources */,
				E8C4C8B92C7B231D0005ED91 /* DinosaurController.swift in Sources */,
			);
			runOnlyForDeploymentPostprocessing = 0;
		};
/* End PBXSourcesBuildPhase section */

/* Begin PBXTargetDependency section */
		E88E4ECD2C8DD68B006EA7AA /* PBXTargetDependency */ = {
			isa = PBXTargetDependency;
			target = E88E4EC62C8DD689006EA7AA /* JPApexStickers */;
			targetProxy = E88E4ECC2C8DD68B006EA7AA /* PBXContainerItemProxy */;
		};
		E8A58F472C859A5E00AA9C00 /* PBXTargetDependency */ = {
			isa = PBXTargetDependency;
			productRef = E8A58F462C859A5E00AA9C00 /* SwiftLintBuildToolPlugin */;
		};
/* End PBXTargetDependency section */

/* Begin XCBuildConfiguration section */
		E860DE922C773B5000F7D68D /* Debug */ = {
			isa = XCBuildConfiguration;
			buildSettings = {
				ALWAYS_SEARCH_USER_PATHS = NO;
				ASSETCATALOG_COMPILER_GENERATE_SWIFT_ASSET_SYMBOL_EXTENSIONS = YES;
				CLANG_ANALYZER_NONNULL = YES;
				CLANG_ANALYZER_NUMBER_OBJECT_CONVERSION = YES_AGGRESSIVE;
				CLANG_CXX_LANGUAGE_STANDARD = "gnu++20";
				CLANG_ENABLE_MODULES = YES;
				CLANG_ENABLE_OBJC_ARC = YES;
				CLANG_ENABLE_OBJC_WEAK = YES;
				CLANG_WARN_BLOCK_CAPTURE_AUTORELEASING = YES;
				CLANG_WARN_BOOL_CONVERSION = YES;
				CLANG_WARN_COMMA = YES;
				CLANG_WARN_CONSTANT_CONVERSION = YES;
				CLANG_WARN_DEPRECATED_OBJC_IMPLEMENTATIONS = YES;
				CLANG_WARN_DIRECT_OBJC_ISA_USAGE = YES_ERROR;
				CLANG_WARN_DOCUMENTATION_COMMENTS = YES;
				CLANG_WARN_EMPTY_BODY = YES;
				CLANG_WARN_ENUM_CONVERSION = YES;
				CLANG_WARN_INFINITE_RECURSION = YES;
				CLANG_WARN_INT_CONVERSION = YES;
				CLANG_WARN_NON_LITERAL_NULL_CONVERSION = YES;
				CLANG_WARN_OBJC_IMPLICIT_RETAIN_SELF = YES;
				CLANG_WARN_OBJC_LITERAL_CONVERSION = YES;
				CLANG_WARN_OBJC_ROOT_CLASS = YES_ERROR;
				CLANG_WARN_QUOTED_INCLUDE_IN_FRAMEWORK_HEADER = YES;
				CLANG_WARN_RANGE_LOOP_ANALYSIS = YES;
				CLANG_WARN_STRICT_PROTOTYPES = YES;
				CLANG_WARN_SUSPICIOUS_MOVE = YES;
				CLANG_WARN_UNGUARDED_AVAILABILITY = YES_AGGRESSIVE;
				CLANG_WARN_UNREACHABLE_CODE = YES;
				CLANG_WARN__DUPLICATE_METHOD_MATCH = YES;
				COPY_PHASE_STRIP = NO;
				DEBUG_INFORMATION_FORMAT = dwarf;
				ENABLE_STRICT_OBJC_MSGSEND = YES;
				ENABLE_TESTABILITY = YES;
				ENABLE_USER_SCRIPT_SANDBOXING = NO;
				GCC_C_LANGUAGE_STANDARD = gnu17;
				GCC_DYNAMIC_NO_PIC = NO;
				GCC_NO_COMMON_BLOCKS = YES;
				GCC_OPTIMIZATION_LEVEL = 0;
				GCC_PREPROCESSOR_DEFINITIONS = (
					"DEBUG=1",
					"$(inherited)",
				);
				GCC_WARN_64_TO_32_BIT_CONVERSION = YES;
				GCC_WARN_ABOUT_RETURN_TYPE = YES_ERROR;
				GCC_WARN_UNDECLARED_SELECTOR = YES;
				GCC_WARN_UNINITIALIZED_AUTOS = YES_AGGRESSIVE;
				GCC_WARN_UNUSED_FUNCTION = YES;
				GCC_WARN_UNUSED_VARIABLE = YES;
				IPHONEOS_DEPLOYMENT_TARGET = 17.5;
				LOCALIZATION_PREFERS_STRING_CATALOGS = YES;
				MTL_ENABLE_DEBUG_INFO = INCLUDE_SOURCE;
				MTL_FAST_MATH = YES;
				ONLY_ACTIVE_ARCH = YES;
				OTHER_LDFLAGS = (
					"-Xlinker",
					"-interposable",
				);
				SDKROOT = iphoneos;
				SWIFT_ACTIVE_COMPILATION_CONDITIONS = "DEBUG $(inherited)";
				SWIFT_OPTIMIZATION_LEVEL = "-Onone";
			};
			name = Debug;
		};
		E860DE932C773B5000F7D68D /* Release */ = {
			isa = XCBuildConfiguration;
			buildSettings = {
				ALWAYS_SEARCH_USER_PATHS = NO;
				ASSETCATALOG_COMPILER_GENERATE_SWIFT_ASSET_SYMBOL_EXTENSIONS = YES;
				CLANG_ANALYZER_NONNULL = YES;
				CLANG_ANALYZER_NUMBER_OBJECT_CONVERSION = YES_AGGRESSIVE;
				CLANG_CXX_LANGUAGE_STANDARD = "gnu++20";
				CLANG_ENABLE_MODULES = YES;
				CLANG_ENABLE_OBJC_ARC = YES;
				CLANG_ENABLE_OBJC_WEAK = YES;
				CLANG_WARN_BLOCK_CAPTURE_AUTORELEASING = YES;
				CLANG_WARN_BOOL_CONVERSION = YES;
				CLANG_WARN_COMMA = YES;
				CLANG_WARN_CONSTANT_CONVERSION = YES;
				CLANG_WARN_DEPRECATED_OBJC_IMPLEMENTATIONS = YES;
				CLANG_WARN_DIRECT_OBJC_ISA_USAGE = YES_ERROR;
				CLANG_WARN_DOCUMENTATION_COMMENTS = YES;
				CLANG_WARN_EMPTY_BODY = YES;
				CLANG_WARN_ENUM_CONVERSION = YES;
				CLANG_WARN_INFINITE_RECURSION = YES;
				CLANG_WARN_INT_CONVERSION = YES;
				CLANG_WARN_NON_LITERAL_NULL_CONVERSION = YES;
				CLANG_WARN_OBJC_IMPLICIT_RETAIN_SELF = YES;
				CLANG_WARN_OBJC_LITERAL_CONVERSION = YES;
				CLANG_WARN_OBJC_ROOT_CLASS = YES_ERROR;
				CLANG_WARN_QUOTED_INCLUDE_IN_FRAMEWORK_HEADER = YES;
				CLANG_WARN_RANGE_LOOP_ANALYSIS = YES;
				CLANG_WARN_STRICT_PROTOTYPES = YES;
				CLANG_WARN_SUSPICIOUS_MOVE = YES;
				CLANG_WARN_UNGUARDED_AVAILABILITY = YES_AGGRESSIVE;
				CLANG_WARN_UNREACHABLE_CODE = YES;
				CLANG_WARN__DUPLICATE_METHOD_MATCH = YES;
				COPY_PHASE_STRIP = NO;
				DEBUG_INFORMATION_FORMAT = "dwarf-with-dsym";
				ENABLE_NS_ASSERTIONS = NO;
				ENABLE_STRICT_OBJC_MSGSEND = YES;
				ENABLE_USER_SCRIPT_SANDBOXING = NO;
				GCC_C_LANGUAGE_STANDARD = gnu17;
				GCC_NO_COMMON_BLOCKS = YES;
				GCC_WARN_64_TO_32_BIT_CONVERSION = YES;
				GCC_WARN_ABOUT_RETURN_TYPE = YES_ERROR;
				GCC_WARN_UNDECLARED_SELECTOR = YES;
				GCC_WARN_UNINITIALIZED_AUTOS = YES_AGGRESSIVE;
				GCC_WARN_UNUSED_FUNCTION = YES;
				GCC_WARN_UNUSED_VARIABLE = YES;
				IPHONEOS_DEPLOYMENT_TARGET = 17.5;
				LOCALIZATION_PREFERS_STRING_CATALOGS = YES;
				MTL_ENABLE_DEBUG_INFO = NO;
				MTL_FAST_MATH = YES;
				SDKROOT = iphoneos;
				SWIFT_COMPILATION_MODE = wholemodule;
				VALIDATE_PRODUCT = YES;
			};
			name = Release;
		};
		E860DE952C773B5000F7D68D /* Debug */ = {
			isa = XCBuildConfiguration;
			buildSettings = {
				ASSETCATALOG_COMPILER_APPICON_NAME = AppIcon;
				ASSETCATALOG_COMPILER_GLOBAL_ACCENT_COLOR_NAME = AccentColor;
				CODE_SIGN_STYLE = Automatic;
				CURRENT_PROJECT_VERSION = 1;
				DEVELOPMENT_ASSET_PATHS = "\"JPApexPredators/Preview Content\"";
				DEVELOPMENT_TEAM = 9YN34DK99C;
				ENABLE_PREVIEWS = YES;
				GENERATE_INFOPLIST_FILE = YES;
				INFOPLIST_KEY_UIApplicationSceneManifest_Generation = YES;
				INFOPLIST_KEY_UIApplicationSupportsIndirectInputEvents = YES;
				INFOPLIST_KEY_UILaunchScreen_Generation = YES;
				INFOPLIST_KEY_UISupportedInterfaceOrientations_iPad = "UIInterfaceOrientationPortrait UIInterfaceOrientationPortraitUpsideDown UIInterfaceOrientationLandscapeLeft UIInterfaceOrientationLandscapeRight";
				INFOPLIST_KEY_UISupportedInterfaceOrientations_iPhone = "UIInterfaceOrientationPortrait UIInterfaceOrientationLandscapeLeft UIInterfaceOrientationLandscapeRight";
				LD_RUNPATH_SEARCH_PATHS = (
					"$(inherited)",
					"@executable_path/Frameworks",
				);
				MARKETING_VERSION = 1.0;
				PRODUCT_BUNDLE_IDENTIFIER = com.yunac.JPApexPredators;
				PRODUCT_NAME = "$(TARGET_NAME)";
				SWIFT_EMIT_LOC_STRINGS = YES;
				SWIFT_VERSION = 5.0;
				TARGETED_DEVICE_FAMILY = "1,2";
			};
			name = Debug;
		};
		E860DE962C773B5000F7D68D /* Release */ = {
			isa = XCBuildConfiguration;
			buildSettings = {
				ASSETCATALOG_COMPILER_APPICON_NAME = AppIcon;
				ASSETCATALOG_COMPILER_GLOBAL_ACCENT_COLOR_NAME = AccentColor;
				CODE_SIGN_STYLE = Automatic;
				CURRENT_PROJECT_VERSION = 1;
				DEVELOPMENT_ASSET_PATHS = "\"JPApexPredators/Preview Content\"";
				DEVELOPMENT_TEAM = 9YN34DK99C;
				ENABLE_PREVIEWS = YES;
				GENERATE_INFOPLIST_FILE = YES;
				INFOPLIST_KEY_UIApplicationSceneManifest_Generation = YES;
				INFOPLIST_KEY_UIApplicationSupportsIndirectInputEvents = YES;
				INFOPLIST_KEY_UILaunchScreen_Generation = YES;
				INFOPLIST_KEY_UISupportedInterfaceOrientations_iPad = "UIInterfaceOrientationPortrait UIInterfaceOrientationPortraitUpsideDown UIInterfaceOrientationLandscapeLeft UIInterfaceOrientationLandscapeRight";
				INFOPLIST_KEY_UISupportedInterfaceOrientations_iPhone = "UIInterfaceOrientationPortrait UIInterfaceOrientationLandscapeLeft UIInterfaceOrientationLandscapeRight";
				LD_RUNPATH_SEARCH_PATHS = (
					"$(inherited)",
					"@executable_path/Frameworks",
				);
				MARKETING_VERSION = 1.0;
				PRODUCT_BUNDLE_IDENTIFIER = com.yunac.JPApexPredators;
				PRODUCT_NAME = "$(TARGET_NAME)";
				SWIFT_EMIT_LOC_STRINGS = YES;
				SWIFT_VERSION = 5.0;
				TARGETED_DEVICE_FAMILY = "1,2";
			};
			name = Release;
		};
		E88E4ED02C8DD68B006EA7AA /* Debug */ = {
			isa = XCBuildConfiguration;
			buildSettings = {
				ASSETCATALOG_COMPILER_APPICON_NAME = "iMessage App Icon";
				CODE_SIGN_STYLE = Automatic;
				CURRENT_PROJECT_VERSION = 1;
				DEVELOPMENT_TEAM = 9YN34DK99C;
				ENABLE_USER_SCRIPT_SANDBOXING = YES;
				GENERATE_INFOPLIST_FILE = YES;
				INFOPLIST_FILE = JPApexStickers/Info.plist;
				INFOPLIST_KEY_NSStickerSharingLevel = OS;
				MARKETING_VERSION = 1.0;
				PRODUCT_BUNDLE_IDENTIFIER = com.yunac.JPApexPredators.JPApexStickers;
				PRODUCT_NAME = "$(TARGET_NAME)";
				SKIP_INSTALL = YES;
				SWIFT_EMIT_LOC_STRINGS = YES;
				TARGETED_DEVICE_FAMILY = "1,2";
			};
			name = Debug;
		};
		E88E4ED12C8DD68B006EA7AA /* Release */ = {
			isa = XCBuildConfiguration;
			buildSettings = {
				ASSETCATALOG_COMPILER_APPICON_NAME = "iMessage App Icon";
				CODE_SIGN_STYLE = Automatic;
				CURRENT_PROJECT_VERSION = 1;
				DEVELOPMENT_TEAM = 9YN34DK99C;
				ENABLE_USER_SCRIPT_SANDBOXING = YES;
				GENERATE_INFOPLIST_FILE = YES;
				INFOPLIST_FILE = JPApexStickers/Info.plist;
				INFOPLIST_KEY_NSStickerSharingLevel = OS;
				MARKETING_VERSION = 1.0;
				PRODUCT_BUNDLE_IDENTIFIER = com.yunac.JPApexPredators.JPApexStickers;
				PRODUCT_NAME = "$(TARGET_NAME)";
				SKIP_INSTALL = YES;
				SWIFT_EMIT_LOC_STRINGS = YES;
				TARGETED_DEVICE_FAMILY = "1,2";
			};
			name = Release;
		};
/* End XCBuildConfiguration section */

/* Begin XCConfigurationList section */
		E860DE812C773B4F00F7D68D /* Build configuration list for PBXProject "JPApexPredators" */ = {
			isa = XCConfigurationList;
			buildConfigurations = (
				E860DE922C773B5000F7D68D /* Debug */,
				E860DE932C773B5000F7D68D /* Release */,
			);
			defaultConfigurationIsVisible = 0;
			defaultConfigurationName = Release;
		};
		E860DE942C773B5000F7D68D /* Build configuration list for PBXNativeTarget "JPApexPredators" */ = {
			isa = XCConfigurationList;
			buildConfigurations = (
				E860DE952C773B5000F7D68D /* Debug */,
				E860DE962C773B5000F7D68D /* Release */,
			);
			defaultConfigurationIsVisible = 0;
			defaultConfigurationName = Release;
		};
		E88E4ED22C8DD68B006EA7AA /* Build configuration list for PBXNativeTarget "JPApexStickers" */ = {
			isa = XCConfigurationList;
			buildConfigurations = (
				E88E4ED02C8DD68B006EA7AA /* Debug */,
				E88E4ED12C8DD68B006EA7AA /* Release */,
			);
			defaultConfigurationIsVisible = 0;
			defaultConfigurationName = Release;
		};
/* End XCConfigurationList section */

/* Begin XCRemoteSwiftPackageReference section */
		E806404E2C86D56D0099062F /* XCRemoteSwiftPackageReference "SwiftFormat" */ = {
			isa = XCRemoteSwiftPackageReference;
			repositoryURL = "https://github.com/nicklockwood/SwiftFormat#swift-package-manager-plugin";
			requirement = {
				kind = upToNextMajorVersion;
				minimumVersion = 0.54.3;
			};
		};
		E8A58F452C859A4E00AA9C00 /* XCRemoteSwiftPackageReference "SwiftLintPlugins" */ = {
			isa = XCRemoteSwiftPackageReference;
			repositoryURL = "https://github.com/SimplyDanny/SwiftLintPlugins";
			requirement = {
				kind = upToNextMajorVersion;
				minimumVersion = 0.56.2;
			};
		};
		E8B3FE4A2C7DDBA500B47128 /* XCRemoteSwiftPackageReference "Inject" */ = {
			isa = XCRemoteSwiftPackageReference;
			repositoryURL = "https://github.com/krzysztofzablocki/Inject.git";
			requirement = {
				kind = upToNextMajorVersion;
				minimumVersion = 1.5.2;
			};
		};
/* End XCRemoteSwiftPackageReference section */

/* Begin XCSwiftPackageProductDependency section */
		E806404F2C86D56D0099062F /* SwiftFormat */ = {
			isa = XCSwiftPackageProductDependency;
			package = E806404E2C86D56D0099062F /* XCRemoteSwiftPackageReference "SwiftFormat" */;
			productName = SwiftFormat;
		};
		E8A58F462C859A5E00AA9C00 /* SwiftLintBuildToolPlugin */ = {
			isa = XCSwiftPackageProductDependency;
			package = E8A58F452C859A4E00AA9C00 /* XCRemoteSwiftPackageReference "SwiftLintPlugins" */;
			productName = "plugin:SwiftLintBuildToolPlugin";
		};
		E8B3FE4B2C7DDBA500B47128 /* Inject */ = {
			isa = XCSwiftPackageProductDependency;
			package = E8B3FE4A2C7DDBA500B47128 /* XCRemoteSwiftPackageReference "Inject" */;
			productName = Inject;
		};
/* End XCSwiftPackageProductDependency section */
	};
	rootObject = E860DE7E2C773B4F00F7D68D /* Project object */;
}
